
Microsoft Visual Studio Solution File, Format Version 12.00
# Visual Studio Version 17
VisualStudioVersion = 17.2.32602.215
MinimumVisualStudioVersion = 10.0.40219.1
Project("{FAE04EC0-301F-11D3-BF4B-00C04F79EFBC}") = "webApp", "webApp.csproj", "{AF724EE6-8FBA-4481-B3D7-5946D8C72786}"
EndProject
Global
	GlobalSection(SolutionConfigurationPlatforms) = preSolution
		Debug|Any CPU = Debug|Any CPU
		Release|Any CPU = Release|Any CPU
	EndGlobalSection
	GlobalSection(ProjectConfigurationPlatforms) = postSolution
		{AF724EE6-8FBA-4481-B3D7-5946D8C72786}.Debug|Any CPU.ActiveCfg = Debug|Any CPU
		{AF724EE6-8FBA-4481-B3D7-5946D8C72786}.Debug|Any CPU.Build.0 = Debug|Any CPU
		{AF724EE6-8FBA-4481-B3D7-5946D8C72786}.Release|Any CPU.ActiveCfg = Release|Any CPU
		{AF724EE6-8FBA-4481-B3D7-5946D8C72786}.Release|Any CPU.Build.0 = Release|Any CPU
	EndGlobalSection
	GlobalSection(SolutionProperties) = preSolution
		HideSolutionNode = FALSE
	EndGlobalSection
	GlobalSection(ExtensibilityGlobals) = postSolution
		SolutionGuid = {018DE82A-B851-4A21-8548-24D1B803319A}
	EndGlobalSection
EndGlobal
